{
  "name": "jaffran-nextjs-tools",
  "version": "1.0.3",
  "lockfileVersion": 3,
  "requires": true,
  "packages": {
    "": {
      "name": "jaffran-nextjs-tools",
      "version": "1.0.3",
      "license": "ISC",
      "bin": {
        "jaffran create-nextjs-setup": "setup.js"
      }
    },
    "../../../../../usr/local/lib/node_modules/jaffran-nextjs-tools": {
      "version": "1.0.2",
      "extraneous": true,
      "license": "ISC",
      "bin": {
        "create-nextjs-setup": "setup.js"
      }
    }
  }
}
